
Microsoft Visual Studio Solution File, Format Version 12.00
# Visual Studio Version 17
VisualStudioVersion = 17.8.34330.188
MinimumVisualStudioVersion = 10.0.40219.1
Project("{FAE04EC0-301F-11D3-BF4B-00C04F79EFBC}") = "NotepadOnline", "NotepadOnline.csproj", "{0478838C-3149-49C6-BA10-D45A629EA15A}"
EndProject
Global
	GlobalSection(SolutionConfigurationPlatforms) = preSolution
		Debug|Any CPU = Debug|Any CPU
		Release|Any CPU = Release|Any CPU
	EndGlobalSection
	GlobalSection(ProjectConfigurationPlatforms) = postSolution
		{0478838C-3149-49C6-BA10-D45A629EA15A}.Debug|Any CPU.ActiveCfg = Debug|Any CPU
		{0478838C-3149-49C6-BA10-D45A629EA15A}.Debug|Any CPU.Build.0 = Debug|Any CPU
		{0478838C-3149-49C6-BA10-D45A629EA15A}.Release|Any CPU.ActiveCfg = Release|Any CPU
		{0478838C-3149-49C6-BA10-D45A629EA15A}.Release|Any CPU.Build.0 = Release|Any CPU
	EndGlobalSection
	GlobalSection(SolutionProperties) = preSolution
		HideSolutionNode = FALSE
	EndGlobalSection
	GlobalSection(ExtensibilityGlobals) = postSolution
		SolutionGuid = {3A2842CF-732E-4373-9016-C3C2595FB756}
	EndGlobalSection
EndGlobal
